// !$*UTF8*$!
{
	archiveVersion = 1;
	classes = {
	};
	objectVersion = 50;
	objects = {

/* Begin PBXBuildFile section */
		2E5D09E290C4BFB90DA453CB /* libPods-JJOCDemo.a in Frameworks */ = {isa = PBXBuildFile; fileRef = C1EDAE7E6479BC5B6AC1512D /* libPods-JJOCDemo.a */; };
		46F47E4E21B3FB4F00FA1CC3 /* JJAnimator.m in Sources */ = {isa = PBXBuildFile; fileRef = 46F47E4421B3FB4F00FA1CC3 /* JJAnimator.m */; };
		46F47E4F21B3FB4F00FA1CC3 /* JJWeChatFloatingButton.m in Sources */ = {isa = PBXBuildFile; fileRef = 46F47E4721B3FB4F00FA1CC3 /* JJWeChatFloatingButton.m */; };
		46F47E5021B3FB4F00FA1CC3 /* JJNextViewController.m in Sources */ = {isa = PBXBuildFile; fileRef = 46F47E4B21B3FB4F00FA1CC3 /* JJNextViewController.m */; };
		46F47E5121B3FB4F00FA1CC3 /* JJAnimatorView.m in Sources */ = {isa = PBXBuildFile; fileRef = 46F47E4C21B3FB4F00FA1CC3 /* JJAnimatorView.m */; };
		46F47E5221B3FB4F00FA1CC3 /* JJSemiCircleView.m in Sources */ = {isa = PBXBuildFile; fileRef = 46F47E4D21B3FB4F00FA1CC3 /* JJSemiCircleView.m */; };
		46F47E5521B3FB8D00FA1CC3 /* JJWeChatViewController.m in Sources */ = {isa = PBXBuildFile; fileRef = 46F47E5421B3FB8D00FA1CC3 /* JJWeChatViewController.m */; };
		46F47E5921B4022500FA1CC3 /* JJQQViewController.m in Sources */ = {isa = PBXBuildFile; fileRef = 46F47E5821B4022500FA1CC3 /* JJQQViewController.m */; };
		46F47E5C21B405F500FA1CC3 /* JJQQCustomNavBar.m in Sources */ = {isa = PBXBuildFile; fileRef = 46F47E5B21B405F500FA1CC3 /* JJQQCustomNavBar.m */; };
		C7B5468B21AFCF89006CAE26 /* AppDelegate.m in Sources */ = {isa = PBXBuildFile; fileRef = C7B5468A21AFCF89006CAE26 /* AppDelegate.m */; };
		C7B5469321AFCF8B006CAE26 /* Assets.xcassets in Resources */ = {isa = PBXBuildFile; fileRef = C7B5469221AFCF8B006CAE26 /* Assets.xcassets */; };
		C7B5469621AFCF8B006CAE26 /* LaunchScreen.storyboard in Resources */ = {isa = PBXBuildFile; fileRef = C7B5469421AFCF8B006CAE26 /* LaunchScreen.storyboard */; };
		C7B5469921AFCF8B006CAE26 /* main.m in Sources */ = {isa = PBXBuildFile; fileRef = C7B5469821AFCF8B006CAE26 /* main.m */; };
		C7B546A121AFD894006CAE26 /* MainTableViewController.m in Sources */ = {isa = PBXBuildFile; fileRef = C7B546A021AFD894006CAE26 /* MainTableViewController.m */; };
		C7B546A821AFDE8D006CAE26 /* JJMeituanPullRefreshViewController.m in Sources */ = {isa = PBXBuildFile; fileRef = C7B546A721AFDE8D006CAE26 /* JJMeituanPullRefreshViewController.m */; };
		C7B546AB21AFE428006CAE26 /* JJMeituanRefreshHeader.m in Sources */ = {isa = PBXBuildFile; fileRef = C7B546AA21AFE428006CAE26 /* JJMeituanRefreshHeader.m */; };
/* End PBXBuildFile section */

/* Begin PBXFileReference section */
		46F47E4421B3FB4F00FA1CC3 /* JJAnimator.m */ = {isa = PBXFileReference; fileEncoding = 4; lastKnownFileType = sourcecode.c.objc; path = JJAnimator.m; sourceTree = "<group>"; };
		46F47E4521B3FB4F00FA1CC3 /* JJAnimatorView.h */ = {isa = PBXFileReference; fileEncoding = 4; lastKnownFileType = sourcecode.c.h; path = JJAnimatorView.h; sourceTree = "<group>"; };
		46F47E4621B3FB4F00FA1CC3 /* JJNextViewController.h */ = {isa = PBXFileReference; fileEncoding = 4; lastKnownFileType = sourcecode.c.h; path = JJNextViewController.h; sourceTree = "<group>"; };
		46F47E4721B3FB4F00FA1CC3 /* JJWeChatFloatingButton.m */ = {isa = PBXFileReference; fileEncoding = 4; lastKnownFileType = sourcecode.c.objc; path = JJWeChatFloatingButton.m; sourceTree = "<group>"; };
		46F47E4821B3FB4F00FA1CC3 /* JJSemiCircleView.h */ = {isa = PBXFileReference; fileEncoding = 4; lastKnownFileType = sourcecode.c.h; path = JJSemiCircleView.h; sourceTree = "<group>"; };
		46F47E4921B3FB4F00FA1CC3 /* JJAnimator.h */ = {isa = PBXFileReference; fileEncoding = 4; lastKnownFileType = sourcecode.c.h; path = JJAnimator.h; sourceTree = "<group>"; };
		46F47E4A21B3FB4F00FA1CC3 /* JJWeChatFloatingButton.h */ = {isa = PBXFileReference; fileEncoding = 4; lastKnownFileType = sourcecode.c.h; path = JJWeChatFloatingButton.h; sourceTree = "<group>"; };
		46F47E4B21B3FB4F00FA1CC3 /* JJNextViewController.m */ = {isa = PBXFileReference; fileEncoding = 4; lastKnownFileType = sourcecode.c.objc; path = JJNextViewController.m; sourceTree = "<group>"; };
		46F47E4C21B3FB4F00FA1CC3 /* JJAnimatorView.m */ = {isa = PBXFileReference; fileEncoding = 4; lastKnownFileType = sourcecode.c.objc; path = JJAnimatorView.m; sourceTree = "<group>"; };
		46F47E4D21B3FB4F00FA1CC3 /* JJSemiCircleView.m */ = {isa = PBXFileReference; fileEncoding = 4; lastKnownFileType = sourcecode.c.objc; path = JJSemiCircleView.m; sourceTree = "<group>"; };
		46F47E5321B3FB8D00FA1CC3 /* JJWeChatViewController.h */ = {isa = PBXFileReference; lastKnownFileType = sourcecode.c.h; path = JJWeChatViewController.h; sourceTree = "<group>"; };
		46F47E5421B3FB8D00FA1CC3 /* JJWeChatViewController.m */ = {isa = PBXFileReference; lastKnownFileType = sourcecode.c.objc; path = JJWeChatViewController.m; sourceTree = "<group>"; };
		46F47E5721B4022500FA1CC3 /* JJQQViewController.h */ = {isa = PBXFileReference; lastKnownFileType = sourcecode.c.h; path = JJQQViewController.h; sourceTree = "<group>"; };
		46F47E5821B4022500FA1CC3 /* JJQQViewController.m */ = {isa = PBXFileReference; lastKnownFileType = sourcecode.c.objc; path = JJQQViewController.m; sourceTree = "<group>"; };
		46F47E5A21B405F500FA1CC3 /* JJQQCustomNavBar.h */ = {isa = PBXFileReference; lastKnownFileType = sourcecode.c.h; path = JJQQCustomNavBar.h; sourceTree = "<group>"; };
		46F47E5B21B405F500FA1CC3 /* JJQQCustomNavBar.m */ = {isa = PBXFileReference; lastKnownFileType = sourcecode.c.objc; path = JJQQCustomNavBar.m; sourceTree = "<group>"; };
		8084EAD31FA0CB017FB18DAC /* Pods-JJOCDemo.release.xcconfig */ = {isa = PBXFileReference; includeInIndex = 1; lastKnownFileType = text.xcconfig; name = "Pods-JJOCDemo.release.xcconfig"; path = "Pods/Target Support Files/Pods-JJOCDemo/Pods-JJOCDemo.release.xcconfig"; sourceTree = "<group>"; };
		A71F569729A075D63A660F0E /* Pods-JJOCDemo.debug.xcconfig */ = {isa = PBXFileReference; includeInIndex = 1; lastKnownFileType = text.xcconfig; name = "Pods-JJOCDemo.debug.xcconfig"; path = "Pods/Target Support Files/Pods-JJOCDemo/Pods-JJOCDemo.debug.xcconfig"; sourceTree = "<group>"; };
		C1EDAE7E6479BC5B6AC1512D /* libPods-JJOCDemo.a */ = {isa = PBXFileReference; explicitFileType = archive.ar; includeInIndex = 0; path = "libPods-JJOCDemo.a"; sourceTree = BUILT_PRODUCTS_DIR; };
		C7B5468621AFCF89006CAE26 /* JJOCDemo.app */ = {isa = PBXFileReference; explicitFileType = wrapper.application; includeInIndex = 0; path = JJOCDemo.app; sourceTree = BUILT_PRODUCTS_DIR; };
		C7B5468921AFCF89006CAE26 /* AppDelegate.h */ = {isa = PBXFileReference; lastKnownFileType = sourcecode.c.h; path = AppDelegate.h; sourceTree = "<group>"; };
		C7B5468A21AFCF89006CAE26 /* AppDelegate.m */ = {isa = PBXFileReference; lastKnownFileType = sourcecode.c.objc; path = AppDelegate.m; sourceTree = "<group>"; };
		C7B5469221AFCF8B006CAE26 /* Assets.xcassets */ = {isa = PBXFileReference; lastKnownFileType = folder.assetcatalog; path = Assets.xcassets; sourceTree = "<group>"; };
		C7B5469521AFCF8B006CAE26 /* Base */ = {isa = PBXFileReference; lastKnownFileType = file.storyboard; name = Base; path = Base.lproj/LaunchScreen.storyboard; sourceTree = "<group>"; };
		C7B5469721AFCF8B006CAE26 /* Info.plist */ = {isa = PBXFileReference; lastKnownFileType = text.plist.xml; path = Info.plist; sourceTree = "<group>"; };
		C7B5469821AFCF8B006CAE26 /* main.m */ = {isa = PBXFileReference; lastKnownFileType = sourcecode.c.objc; path = main.m; sourceTree = "<group>"; };
		C7B5469F21AFD894006CAE26 /* MainTableViewController.h */ = {isa = PBXFileReference; fileEncoding = 4; lastKnownFileType = sourcecode.c.h; path = MainTableViewController.h; sourceTree = "<group>"; };
		C7B546A021AFD894006CAE26 /* MainTableViewController.m */ = {isa = PBXFileReference; fileEncoding = 4; lastKnownFileType = sourcecode.c.objc; path = MainTableViewController.m; sourceTree = "<group>"; };
		C7B546A621AFDE8C006CAE26 /* JJMeituanPullRefreshViewController.h */ = {isa = PBXFileReference; lastKnownFileType = sourcecode.c.h; path = JJMeituanPullRefreshViewController.h; sourceTree = "<group>"; };
		C7B546A721AFDE8D006CAE26 /* JJMeituanPullRefreshViewController.m */ = {isa = PBXFileReference; lastKnownFileType = sourcecode.c.objc; path = JJMeituanPullRefreshViewController.m; sourceTree = "<group>"; };
		C7B546A921AFE428006CAE26 /* JJMeituanRefreshHeader.h */ = {isa = PBXFileReference; lastKnownFileType = sourcecode.c.h; path = JJMeituanRefreshHeader.h; sourceTree = "<group>"; };
		C7B546AA21AFE428006CAE26 /* JJMeituanRefreshHeader.m */ = {isa = PBXFileReference; lastKnownFileType = sourcecode.c.objc; path = JJMeituanRefreshHeader.m; sourceTree = "<group>"; };
/* End PBXFileReference section */

/* Begin PBXFrameworksBuildPhase section */
		C7B5468321AFCF89006CAE26 /* Frameworks */ = {
			isa = PBXFrameworksBuildPhase;
			buildActionMask = 2147483647;
			files = (
				2E5D09E290C4BFB90DA453CB /* libPods-JJOCDemo.a in Frameworks */,
			);
			runOnlyForDeploymentPostprocessing = 0;
		};
/* End PBXFrameworksBuildPhase section */

/* Begin PBXGroup section */
		27AF30B9F9275939809A1378 /* Pods */ = {
			isa = PBXGroup;
			children = (
				A71F569729A075D63A660F0E /* Pods-JJOCDemo.debug.xcconfig */,
				8084EAD31FA0CB017FB18DAC /* Pods-JJOCDemo.release.xcconfig */,
			);
			name = Pods;
			sourceTree = "<group>";
		};
		46F47E4321B3FB4F00FA1CC3 /* 微信浮窗 */ = {
			isa = PBXGroup;
			children = (
				46F47E4921B3FB4F00FA1CC3 /* JJAnimator.h */,
				46F47E4421B3FB4F00FA1CC3 /* JJAnimator.m */,
				46F47E4521B3FB4F00FA1CC3 /* JJAnimatorView.h */,
				46F47E4C21B3FB4F00FA1CC3 /* JJAnimatorView.m */,
				46F47E4821B3FB4F00FA1CC3 /* JJSemiCircleView.h */,
				46F47E4D21B3FB4F00FA1CC3 /* JJSemiCircleView.m */,
				46F47E4A21B3FB4F00FA1CC3 /* JJWeChatFloatingButton.h */,
				46F47E4721B3FB4F00FA1CC3 /* JJWeChatFloatingButton.m */,
				46F47E4621B3FB4F00FA1CC3 /* JJNextViewController.h */,
				46F47E4B21B3FB4F00FA1CC3 /* JJNextViewController.m */,
				46F47E5321B3FB8D00FA1CC3 /* JJWeChatViewController.h */,
				46F47E5421B3FB8D00FA1CC3 /* JJWeChatViewController.m */,
			);
			path = "微信浮窗";
			sourceTree = "<group>";
		};
		46F47E5621B401FC00FA1CC3 /* QQ可拉伸头部控件 */ = {
			isa = PBXGroup;
			children = (
				46F47E5721B4022500FA1CC3 /* JJQQViewController.h */,
				46F47E5821B4022500FA1CC3 /* JJQQViewController.m */,
				46F47E5A21B405F500FA1CC3 /* JJQQCustomNavBar.h */,
				46F47E5B21B405F500FA1CC3 /* JJQQCustomNavBar.m */,
			);
			path = "QQ可拉伸头部控件";
			sourceTree = "<group>";
		};
		C7B5467D21AFCF89006CAE26 = {
			isa = PBXGroup;
			children = (
				C7B5468821AFCF89006CAE26 /* JJOCDemo */,
				C7B5468721AFCF89006CAE26 /* Products */,
				27AF30B9F9275939809A1378 /* Pods */,
				F8669B7D43461FB295A237CE /* Frameworks */,
			);
			sourceTree = "<group>";
		};
		C7B5468721AFCF89006CAE26 /* Products */ = {
			isa = PBXGroup;
			children = (
				C7B5468621AFCF89006CAE26 /* JJOCDemo.app */,
			);
			name = Products;
			sourceTree = "<group>";
		};
		C7B5468821AFCF89006CAE26 /* JJOCDemo */ = {
			isa = PBXGroup;
			children = (
				46F47E5621B401FC00FA1CC3 /* QQ可拉伸头部控件 */,
				C7B546A521AFDE63006CAE26 /* 美团下拉刷新 */,
				46F47E4321B3FB4F00FA1CC3 /* 微信浮窗 */,
				C7B5469F21AFD894006CAE26 /* MainTableViewController.h */,
				C7B546A021AFD894006CAE26 /* MainTableViewController.m */,
				C7B5468921AFCF89006CAE26 /* AppDelegate.h */,
				C7B5468A21AFCF89006CAE26 /* AppDelegate.m */,
				C7B5469221AFCF8B006CAE26 /* Assets.xcassets */,
				C7B5469421AFCF8B006CAE26 /* LaunchScreen.storyboard */,
				C7B5469721AFCF8B006CAE26 /* Info.plist */,
				C7B5469821AFCF8B006CAE26 /* main.m */,
			);
			path = JJOCDemo;
			sourceTree = "<group>";
		};
		C7B546A521AFDE63006CAE26 /* 美团下拉刷新 */ = {
			isa = PBXGroup;
			children = (
				C7B546A621AFDE8C006CAE26 /* JJMeituanPullRefreshViewController.h */,
				C7B546A721AFDE8D006CAE26 /* JJMeituanPullRefreshViewController.m */,
				C7B546A921AFE428006CAE26 /* JJMeituanRefreshHeader.h */,
				C7B546AA21AFE428006CAE26 /* JJMeituanRefreshHeader.m */,
			);
			path = "美团下拉刷新";
			sourceTree = "<group>";
		};
		F8669B7D43461FB295A237CE /* Frameworks */ = {
			isa = PBXGroup;
			children = (
				C1EDAE7E6479BC5B6AC1512D /* libPods-JJOCDemo.a */,
			);
			name = Frameworks;
			sourceTree = "<group>";
		};
/* End PBXGroup section */

/* Begin PBXNativeTarget section */
		C7B5468521AFCF89006CAE26 /* JJOCDemo */ = {
			isa = PBXNativeTarget;
			buildConfigurationList = C7B5469C21AFCF8B006CAE26 /* Build configuration list for PBXNativeTarget "JJOCDemo" */;
			buildPhases = (
				1902645C167435CF8AE8B8DC /* [CP] Check Pods Manifest.lock */,
				C7B5468221AFCF89006CAE26 /* Sources */,
				C7B5468321AFCF89006CAE26 /* Frameworks */,
				C7B5468421AFCF89006CAE26 /* Resources */,
				AE61EA1F5AD63D90A14338D9 /* [CP] Copy Pods Resources */,
				D36EC4FF30AD63D0C8B41485 /* [CP] Embed Pods Frameworks */,
			);
			buildRules = (
			);
			dependencies = (
			);
			name = JJOCDemo;
			productName = JJOCDemo;
			productReference = C7B5468621AFCF89006CAE26 /* JJOCDemo.app */;
			productType = "com.apple.product-type.application";
		};
/* End PBXNativeTarget section */

/* Begin PBXProject section */
		C7B5467E21AFCF89006CAE26 /* Project object */ = {
			isa = PBXProject;
			attributes = {
				LastUpgradeCheck = 1010;
				ORGANIZATIONNAME = "叶佳骏";
				TargetAttributes = {
					C7B5468521AFCF89006CAE26 = {
						CreatedOnToolsVersion = 10.1;
					};
				};
			};
			buildConfigurationList = C7B5468121AFCF89006CAE26 /* Build configuration list for PBXProject "JJOCDemo" */;
			compatibilityVersion = "Xcode 9.3";
			developmentRegion = en;
			hasScannedForEncodings = 0;
			knownRegions = (
				en,
				Base,
			);
			mainGroup = C7B5467D21AFCF89006CAE26;
			productRefGroup = C7B5468721AFCF89006CAE26 /* Products */;
			projectDirPath = "";
			projectRoot = "";
			targets = (
				C7B5468521AFCF89006CAE26 /* JJOCDemo */,
			);
		};
/* End PBXProject section */

/* Begin PBXResourcesBuildPhase section */
		C7B5468421AFCF89006CAE26 /* Resources */ = {
			isa = PBXResourcesBuildPhase;
			buildActionMask = 2147483647;
			files = (
				C7B5469621AFCF8B006CAE26 /* LaunchScreen.storyboard in Resources */,
				C7B5469321AFCF8B006CAE26 /* Assets.xcassets in Resources */,
			);
			runOnlyForDeploymentPostprocessing = 0;
		};
/* End PBXResourcesBuildPhase section */

/* Begin PBXShellScriptBuildPhase section */
		1902645C167435CF8AE8B8DC /* [CP] Check Pods Manifest.lock */ = {
			isa = PBXShellScriptBuildPhase;
			buildActionMask = 2147483647;
			files = (
			);
			inputFileListPaths = (
			);
			inputPaths = (
				"${PODS_PODFILE_DIR_PATH}/Podfile.lock",
				"${PODS_ROOT}/Manifest.lock",
			);
			name = "[CP] Check Pods Manifest.lock";
			outputFileListPaths = (
			);
			outputPaths = (
				"$(DERIVED_FILE_DIR)/Pods-JJOCDemo-checkManifestLockResult.txt",
			);
			runOnlyForDeploymentPostprocessing = 0;
			shellPath = /bin/sh;
			shellScript = "diff \"${PODS_ROOT}/../Podfile.lock\" \"${PODS_ROOT}/Manifest.lock\" > /dev/null\nif [[ $? != 0 ]] ; then\n    cat << EOM\nerror: The sandbox is not in sync with the Podfile.lock. Run 'pod install' or update your CocoaPods installation.\nEOM\n    exit 1\nfi\n";
			showEnvVarsInLog = 0;
		};
		AE61EA1F5AD63D90A14338D9 /* [CP] Copy Pods Resources */ = {
			isa = PBXShellScriptBuildPhase;
			buildActionMask = 2147483647;
			files = (
			);
			inputFileListPaths = (
			);
			inputPaths = (
				"${SRCROOT}/Pods/Target Support Files/Pods-JJOCDemo/Pods-JJOCDemo-resources.sh",
				"${PODS_ROOT}/MJRefresh/MJRefresh/MJRefresh.bundle",
			);
			name = "[CP] Copy Pods Resources";
			outputFileListPaths = (
			);
			outputPaths = (
				"${TARGET_BUILD_DIR}/${UNLOCALIZED_RESOURCES_FOLDER_PATH}/MJRefresh.bundle",
			);
			runOnlyForDeploymentPostprocessing = 0;
			shellPath = /bin/sh;
			shellScript = "\"${SRCROOT}/Pods/Target Support Files/Pods-JJOCDemo/Pods-JJOCDemo-resources.sh\"\n";
			showEnvVarsInLog = 0;
		};
		D36EC4FF30AD63D0C8B41485 /* [CP] Embed Pods Frameworks */ = {
			isa = PBXShellScriptBuildPhase;
			buildActionMask = 2147483647;
			files = (
			);
			inputFileListPaths = (
			);
			inputPaths = (
			);
			name = "[CP] Embed Pods Frameworks";
			outputFileListPaths = (
			);
			outputPaths = (
			);
			runOnlyForDeploymentPostprocessing = 0;
			shellPath = /bin/sh;
			shellScript = "\"${SRCROOT}/Pods/Target Support Files/Pods-JJOCDemo/Pods-JJOCDemo-frameworks.sh\"\n";
			showEnvVarsInLog = 0;
		};
/* End PBXShellScriptBuildPhase section */

/* Begin PBXSourcesBuildPhase section */
		C7B5468221AFCF89006CAE26 /* Sources */ = {
			isa = PBXSourcesBuildPhase;
			buildActionMask = 2147483647;
			files = (
				46F47E4F21B3FB4F00FA1CC3 /* JJWeChatFloatingButton.m in Sources */,
				46F47E5521B3FB8D00FA1CC3 /* JJWeChatViewController.m in Sources */,
				C7B546AB21AFE428006CAE26 /* JJMeituanRefreshHeader.m in Sources */,
				C7B546A121AFD894006CAE26 /* MainTableViewController.m in Sources */,
				46F47E5921B4022500FA1CC3 /* JJQQViewController.m in Sources */,
				46F47E5C21B405F500FA1CC3 /* JJQQCustomNavBar.m in Sources */,
				46F47E5121B3FB4F00FA1CC3 /* JJAnimatorView.m in Sources */,
				46F47E5021B3FB4F00FA1CC3 /* JJNextViewController.m in Sources */,
				46F47E4E21B3FB4F00FA1CC3 /* JJAnimator.m in Sources */,
				C7B546A821AFDE8D006CAE26 /* JJMeituanPullRefreshViewController.m in Sources */,
				C7B5469921AFCF8B006CAE26 /* main.m in Sources */,
				46F47E5221B3FB4F00FA1CC3 /* JJSemiCircleView.m in Sources */,
				C7B5468B21AFCF89006CAE26 /* AppDelegate.m in Sources */,
			);
			runOnlyForDeploymentPostprocessing = 0;
		};
/* End PBXSourcesBuildPhase section */

/* Begin PBXVariantGroup section */
		C7B5469421AFCF8B006CAE26 /* LaunchScreen.storyboard */ = {
			isa = PBXVariantGroup;
			children = (
				C7B5469521AFCF8B006CAE26 /* Base */,
			);
			name = LaunchScreen.storyboard;
			sourceTree = "<group>";
		};
/* End PBXVariantGroup section */

/* Begin XCBuildConfiguration section */
		C7B5469A21AFCF8B006CAE26 /* Debug */ = {
			isa = XCBuildConfiguration;
			buildSettings = {
				ALWAYS_SEARCH_USER_PATHS = NO;
				CLANG_ANALYZER_NONNULL = YES;
				CLANG_ANALYZER_NUMBER_OBJECT_CONVERSION = YES_AGGRESSIVE;
				CLANG_CXX_LANGUAGE_STANDARD = "gnu++14";
				CLANG_CXX_LIBRARY = "libc++";
				CLANG_ENABLE_MODULES = YES;
				CLANG_ENABLE_OBJC_ARC = YES;
				CLANG_ENABLE_OBJC_WEAK = YES;
				CLANG_WARN_BLOCK_CAPTURE_AUTORELEASING = YES;
				CLANG_WARN_BOOL_CONVERSION = YES;
				CLANG_WARN_COMMA = YES;
				CLANG_WARN_CONSTANT_CONVERSION = YES;
				CLANG_WARN_DEPRECATED_OBJC_IMPLEMENTATIONS = YES;
				CLANG_WARN_DIRECT_OBJC_ISA_USAGE = YES_ERROR;
				CLANG_WARN_DOCUMENTATION_COMMENTS = YES;
				CLANG_WARN_EMPTY_BODY = YES;
				CLANG_WARN_ENUM_CONVERSION = YES;
				CLANG_WARN_INFINITE_RECURSION = YES;
				CLANG_WARN_INT_CONVERSION = YES;
				CLANG_WARN_NON_LITERAL_NULL_CONVERSION = YES;
				CLANG_WARN_OBJC_IMPLICIT_RETAIN_SELF = YES;
				CLANG_WARN_OBJC_LITERAL_CONVERSION = YES;
				CLANG_WARN_OBJC_ROOT_CLASS = YES_ERROR;
				CLANG_WARN_RANGE_LOOP_ANALYSIS = YES;
				CLANG_WARN_STRICT_PROTOTYPES = YES;
				CLANG_WARN_SUSPICIOUS_MOVE = YES;
				CLANG_WARN_UNGUARDED_AVAILABILITY = YES_AGGRESSIVE;
				CLANG_WARN_UNREACHABLE_CODE = YES;
				CLANG_WARN__DUPLICATE_METHOD_MATCH = YES;
				CODE_SIGN_IDENTITY = "iPhone Developer";
				COPY_PHASE_STRIP = NO;
				DEBUG_INFORMATION_FORMAT = dwarf;
				ENABLE_STRICT_OBJC_MSGSEND = YES;
				ENABLE_TESTABILITY = YES;
				GCC_C_LANGUAGE_STANDARD = gnu11;
				GCC_DYNAMIC_NO_PIC = NO;
				GCC_NO_COMMON_BLOCKS = YES;
				GCC_OPTIMIZATION_LEVEL = 0;
				GCC_PREPROCESSOR_DEFINITIONS = (
					"DEBUG=1",
					"$(inherited)",
				);
				GCC_WARN_64_TO_32_BIT_CONVERSION = YES;
				GCC_WARN_ABOUT_RETURN_TYPE = YES_ERROR;
				GCC_WARN_UNDECLARED_SELECTOR = YES;
				GCC_WARN_UNINITIALIZED_AUTOS = YES_AGGRESSIVE;
				GCC_WARN_UNUSED_FUNCTION = YES;
				GCC_WARN_UNUSED_VARIABLE = YES;
				IPHONEOS_DEPLOYMENT_TARGET = 12.1;
				MTL_ENABLE_DEBUG_INFO = INCLUDE_SOURCE;
				MTL_FAST_MATH = YES;
				ONLY_ACTIVE_ARCH = YES;
				SDKROOT = iphoneos;
			};
			name = Debug;
		};
		C7B5469B21AFCF8B006CAE26 /* Release */ = {
			isa = XCBuildConfiguration;
			buildSettings = {
				ALWAYS_SEARCH_USER_PATHS = NO;
				CLANG_ANALYZER_NONNULL = YES;
				CLANG_ANALYZER_NUMBER_OBJECT_CONVERSION = YES_AGGRESSIVE;
				CLANG_CXX_LANGUAGE_STANDARD = "gnu++14";
				CLANG_CXX_LIBRARY = "libc++";
				CLANG_ENABLE_MODULES = YES;
				CLANG_ENABLE_OBJC_ARC = YES;
				CLANG_ENABLE_OBJC_WEAK = YES;
				CLANG_WARN_BLOCK_CAPTURE_AUTORELEASING = YES;
				CLANG_WARN_BOOL_CONVERSION = YES;
				CLANG_WARN_COMMA = YES;
				CLANG_WARN_CONSTANT_CONVERSION = YES;
				CLANG_WARN_DEPRECATED_OBJC_IMPLEMENTATIONS = YES;
				CLANG_WARN_DIRECT_OBJC_ISA_USAGE = YES_ERROR;
				CLANG_WARN_DOCUMENTATION_COMMENTS = YES;
				CLANG_WARN_EMPTY_BODY = YES;
				CLANG_WARN_ENUM_CONVERSION = YES;
				CLANG_WARN_INFINITE_RECURSION = YES;
				CLANG_WARN_INT_CONVERSION = YES;
				CLANG_WARN_NON_LITERAL_NULL_CONVERSION = YES;
				CLANG_WARN_OBJC_IMPLICIT_RETAIN_SELF = YES;
				CLANG_WARN_OBJC_LITERAL_CONVERSION = YES;
				CLANG_WARN_OBJC_ROOT_CLASS = YES_ERROR;
				CLANG_WARN_RANGE_LOOP_ANALYSIS = YES;
				CLANG_WARN_STRICT_PROTOTYPES = YES;
				CLANG_WARN_SUSPICIOUS_MOVE = YES;
				CLANG_WARN_UNGUARDED_AVAILABILITY = YES_AGGRESSIVE;
				CLANG_WARN_UNREACHABLE_CODE = YES;
				CLANG_WARN__DUPLICATE_METHOD_MATCH = YES;
				CODE_SIGN_IDENTITY = "iPhone Developer";
				COPY_PHASE_STRIP = NO;
				DEBUG_INFORMATION_FORMAT = "dwarf-with-dsym";
				ENABLE_NS_ASSERTIONS = NO;
				ENABLE_STRICT_OBJC_MSGSEND = YES;
				GCC_C_LANGUAGE_STANDARD = gnu11;
				GCC_NO_COMMON_BLOCKS = YES;
				GCC_WARN_64_TO_32_BIT_CONVERSION = YES;
				GCC_WARN_ABOUT_RETURN_TYPE = YES_ERROR;
				GCC_WARN_UNDECLARED_SELECTOR = YES;
				GCC_WARN_UNINITIALIZED_AUTOS = YES_AGGRESSIVE;
				GCC_WARN_UNUSED_FUNCTION = YES;
				GCC_WARN_UNUSED_VARIABLE = YES;
				IPHONEOS_DEPLOYMENT_TARGET = 12.1;
				MTL_ENABLE_DEBUG_INFO = NO;
				MTL_FAST_MATH = YES;
				SDKROOT = iphoneos;
				VALIDATE_PRODUCT = YES;
			};
			name = Release;
		};
		C7B5469D21AFCF8B006CAE26 /* Debug */ = {
			isa = XCBuildConfiguration;
			baseConfigurationReference = A71F569729A075D63A660F0E /* Pods-JJOCDemo.debug.xcconfig */;
			buildSettings = {
				ASSETCATALOG_COMPILER_APPICON_NAME = AppIcon;
				CODE_SIGN_STYLE = Automatic;
				DEVELOPMENT_TEAM = RAT87H825N;
				INFOPLIST_FILE = JJOCDemo/Info.plist;
				LD_RUNPATH_SEARCH_PATHS = (
					"$(inherited)",
					"@executable_path/Frameworks",
				);
				PRODUCT_BUNDLE_IDENTIFIER = com.cmcc.JJOCDemo;
				PRODUCT_NAME = "$(TARGET_NAME)";
				TARGETED_DEVICE_FAMILY = "1,2";
			};
			name = Debug;
		};
		C7B5469E21AFCF8B006CAE26 /* Release */ = {
			isa = XCBuildConfiguration;
			baseConfigurationReference = 8084EAD31FA0CB017FB18DAC /* Pods-JJOCDemo.release.xcconfig */;
			buildSettings = {
				ASSETCATALOG_COMPILER_APPICON_NAME = AppIcon;
				CODE_SIGN_STYLE = Automatic;
				DEVELOPMENT_TEAM = RAT87H825N;
				INFOPLIST_FILE = JJOCDemo/Info.plist;
				LD_RUNPATH_SEARCH_PATHS = (
					"$(inherited)",
					"@executable_path/Frameworks",
				);
				PRODUCT_BUNDLE_IDENTIFIER = com.cmcc.JJOCDemo;
				PRODUCT_NAME = "$(TARGET_NAME)";
				TARGETED_DEVICE_FAMILY = "1,2";
			};
			name = Release;
		};
/* End XCBuildConfiguration section */

/* Begin XCConfigurationList section */
		C7B5468121AFCF89006CAE26 /* Build configuration list for PBXProject "JJOCDemo" */ = {
			isa = XCConfigurationList;
			buildConfigurations = (
				C7B5469A21AFCF8B006CAE26 /* Debug */,
				C7B5469B21AFCF8B006CAE26 /* Release */,
			);
			defaultConfigurationIsVisible = 0;
			defaultConfigurationName = Release;
		};
		C7B5469C21AFCF8B006CAE26 /* Build configuration list for PBXNativeTarget "JJOCDemo" */ = {
			isa = XCConfigurationList;
			buildConfigurations = (
				C7B5469D21AFCF8B006CAE26 /* Debug */,
				C7B5469E21AFCF8B006CAE26 /* Release */,
			);
			defaultConfigurationIsVisible = 0;
			defaultConfigurationName = Release;
		};
/* End XCConfigurationList section */
	};
	rootObject = C7B5467E21AFCF89006CAE26 /* Project object */;
}
